
Microsoft Visual Studio Solution File, Format Version 12.00
# Visual Studio Version 16
VisualStudioVersion = 16.0.31410.357
MinimumVisualStudioVersion = 10.0.40219.1
Project("{FAE04EC0-301F-11D3-BF4B-00C04F79EFBC}") = "JWT.Core", "JWT.Core\JWT.Core.csproj", "{F906780B-B6CA-4E4D-A3BC-A7C183CA840A}"
EndProject
Project("{FAE04EC0-301F-11D3-BF4B-00C04F79EFBC}") = "JWT.Data", "JWT.Data\JWT.Data.csproj", "{1D459ACA-08BF-40F4-A828-9411CD4E7062}"
EndProject
Project("{FAE04EC0-301F-11D3-BF4B-00C04F79EFBC}") = "JWT.Service", "JWT.Service\JWT.Service.csproj", "{95184320-1BCC-4A96-9453-91769E3CE528}"
EndProject
Project("{FAE04EC0-301F-11D3-BF4B-00C04F79EFBC}") = "JWT.Api", "JWT.Api\JWT.Api.csproj", "{A549F6FC-000B-41FF-9911-068FAA616BD9}"
EndProject
Project("{FAE04EC0-301F-11D3-BF4B-00C04F79EFBC}") = "MiniApp1.Api", "MiniApp1.Api\MiniApp1.Api.csproj", "{06154920-E5DE-4D7A-8A19-482B5FFD5DC7}"
EndProject
Project("{FAE04EC0-301F-11D3-BF4B-00C04F79EFBC}") = "MiniApp2.Api", "MiniApp2.Api\MiniApp2.Api.csproj", "{C8D22272-5B79-4226-A635-B597764E98DE}"
EndProject
Project("{FAE04EC0-301F-11D3-BF4B-00C04F79EFBC}") = "MiniApp3.Api", "MiniApp3.Api\MiniApp3.Api.csproj", "{AE23CB4F-78EE-4B0E-876F-83F9C14707DC}"
EndProject
Project("{FAE04EC0-301F-11D3-BF4B-00C04F79EFBC}") = "JWT.SharedLibrary", "SharedLibrary\JWT.SharedLibrary.csproj", "{9B93F4F4-88E5-4A57-8EEF-B1A749D8BB30}"
EndProject
Global
	GlobalSection(SolutionConfigurationPlatforms) = preSolution
		Debug|Any CPU = Debug|Any CPU
		Release|Any CPU = Release|Any CPU
	EndGlobalSection
	GlobalSection(ProjectConfigurationPlatforms) = postSolution
		{F906780B-B6CA-4E4D-A3BC-A7C183CA840A}.Debug|Any CPU.ActiveCfg = Debug|Any CPU
		{F906780B-B6CA-4E4D-A3BC-A7C183CA840A}.Debug|Any CPU.Build.0 = Debug|Any CPU
		{F906780B-B6CA-4E4D-A3BC-A7C183CA840A}.Release|Any CPU.ActiveCfg = Release|Any CPU
		{F906780B-B6CA-4E4D-A3BC-A7C183CA840A}.Release|Any CPU.Build.0 = Release|Any CPU
		{1D459ACA-08BF-40F4-A828-9411CD4E7062}.Debug|Any CPU.ActiveCfg = Debug|Any CPU
		{1D459ACA-08BF-40F4-A828-9411CD4E7062}.Debug|Any CPU.Build.0 = Debug|Any CPU
		{1D459ACA-08BF-40F4-A828-9411CD4E7062}.Release|Any CPU.ActiveCfg = Release|Any CPU
		{1D459ACA-08BF-40F4-A828-9411CD4E7062}.Release|Any CPU.Build.0 = Release|Any CPU
		{95184320-1BCC-4A96-9453-91769E3CE528}.Debug|Any CPU.ActiveCfg = Debug|Any CPU
		{95184320-1BCC-4A96-9453-91769E3CE528}.Debug|Any CPU.Build.0 = Debug|Any CPU
		{95184320-1BCC-4A96-9453-91769E3CE528}.Release|Any CPU.ActiveCfg = Release|Any CPU
		{95184320-1BCC-4A96-9453-91769E3CE528}.Release|Any CPU.Build.0 = Release|Any CPU
		{A549F6FC-000B-41FF-9911-068FAA616BD9}.Debug|Any CPU.ActiveCfg = Debug|Any CPU
		{A549F6FC-000B-41FF-9911-068FAA616BD9}.Debug|Any CPU.Build.0 = Debug|Any CPU
		{A549F6FC-000B-41FF-9911-068FAA616BD9}.Release|Any CPU.ActiveCfg = Release|Any CPU
		{A549F6FC-000B-41FF-9911-068FAA616BD9}.Release|Any CPU.Build.0 = Release|Any CPU
		{06154920-E5DE-4D7A-8A19-482B5FFD5DC7}.Debug|Any CPU.ActiveCfg = Debug|Any CPU
		{06154920-E5DE-4D7A-8A19-482B5FFD5DC7}.Debug|Any CPU.Build.0 = Debug|Any CPU
		{06154920-E5DE-4D7A-8A19-482B5FFD5DC7}.Release|Any CPU.ActiveCfg = Release|Any CPU
		{06154920-E5DE-4D7A-8A19-482B5FFD5DC7}.Release|Any CPU.Build.0 = Release|Any CPU
		{C8D22272-5B79-4226-A635-B597764E98DE}.Debug|Any CPU.ActiveCfg = Debug|Any CPU
		{C8D22272-5B79-4226-A635-B597764E98DE}.Debug|Any CPU.Build.0 = Debug|Any CPU
		{C8D22272-5B79-4226-A635-B597764E98DE}.Release|Any CPU.ActiveCfg = Release|Any CPU
		{C8D22272-5B79-4226-A635-B597764E98DE}.Release|Any CPU.Build.0 = Release|Any CPU
		{AE23CB4F-78EE-4B0E-876F-83F9C14707DC}.Debug|Any CPU.ActiveCfg = Debug|Any CPU
		{AE23CB4F-78EE-4B0E-876F-83F9C14707DC}.Debug|Any CPU.Build.0 = Debug|Any CPU
		{AE23CB4F-78EE-4B0E-876F-83F9C14707DC}.Release|Any CPU.ActiveCfg = Release|Any CPU
		{AE23CB4F-78EE-4B0E-876F-83F9C14707DC}.Release|Any CPU.Build.0 = Release|Any CPU
		{9B93F4F4-88E5-4A57-8EEF-B1A749D8BB30}.Debug|Any CPU.ActiveCfg = Debug|Any CPU
		{9B93F4F4-88E5-4A57-8EEF-B1A749D8BB30}.Debug|Any CPU.Build.0 = Debug|Any CPU
		{9B93F4F4-88E5-4A57-8EEF-B1A749D8BB30}.Release|Any CPU.ActiveCfg = Release|Any CPU
		{9B93F4F4-88E5-4A57-8EEF-B1A749D8BB30}.Release|Any CPU.Build.0 = Release|Any CPU
	EndGlobalSection
	GlobalSection(SolutionProperties) = preSolution
		HideSolutionNode = FALSE
	EndGlobalSection
	GlobalSection(ExtensibilityGlobals) = postSolution
		SolutionGuid = {FB7E9AD4-1093-44C6-B3D9-D2D7BB06BCD5}
	EndGlobalSection
EndGlobal
